{
  "version": 4,
  "terraform_version": "1.9.0",
  "serial": 53,
  "lineage": "dc761238-def0-a79e-0752-27ac346cf1b3",
  "outputs": {},
  "resources": [
    {
      "module": "module.cores_network_3az",
      "mode": "managed",
      "type": "aws_subnet",
      "name": "private_az1",
      "provider": "provider[\"registry.terraform.io/hashicorp/aws\"]",
      "instances": [
        {
          "schema_version": 1,
          "attributes": {
            "arn": "arn:aws:ec2:ap-northeast-1:133775794121:subnet/subnet-09e45fdee6f9452ba",
            "assign_ipv6_address_on_creation": false,
            "availability_zone": "ap-northeast-1a",
            "availability_zone_id": "apne1-az4",
            "cidr_block": "172.35.3.0/25",
            "customer_owned_ipv4_pool": "",
            "enable_dns64": false,
            "enable_lni_at_device_index": 0,
            "enable_resource_name_dns_a_record_on_launch": false,
            "enable_resource_name_dns_aaaa_record_on_launch": false,
            "id": "subnet-09e45fdee6f9452ba",
            "ipv6_cidr_block": "",
            "ipv6_cidr_block_association_id": "",
            "ipv6_native": false,
            "map_customer_owned_ip_on_launch": false,
            "map_public_ip_on_launch": false,
            "outpost_arn": "",
            "owner_id": "133775794121",
            "private_dns_hostname_type_on_launch": "ip-name",
            "tags": {
              "Createdby": "Terraform",
              "Environment": "staging",
              "Name": "nlobby-test-ao-staging-private-subnet-1a01"
            },
            "tags_all": {
              "Createdby": "Terraform",
              "Environment": "staging",
              "Name": "nlobby-test-ao-staging-private-subnet-1a01"
            },
            "timeouts": null,
            "vpc_id": "vpc-0a161d8c9a7e510c6"
          },
          "sensitive_attributes": [],
          "private": "eyJlMmJmYjczMC1lY2FhLTExZTYtOGY4OC0zNDM2M2JjN2M0YzAiOnsiY3JlYXRlIjo2MDAwMDAwMDAwMDAsImRlbGV0ZSI6MTIwMDAwMDAwMDAwMH0sInNjaGVtYV92ZXJzaW9uIjoiMSJ9",
          "dependencies": [
            "module.cores_network_3az.aws_vpc.this"
          ]
        }
      ]
    },
    {
      "module": "module.cores_network_3az",
      "mode": "managed",
      "type": "aws_subnet",
      "name": "private_az2",
      "provider": "provider[\"registry.terraform.io/hashicorp/aws\"]",
      "instances": [
        {
          "schema_version": 1,
          "attributes": {
            "arn": "arn:aws:ec2:ap-northeast-1:133775794121:subnet/subnet-00ff9f1fa055ae510",
            "assign_ipv6_address_on_creation": false,
            "availability_zone": "ap-northeast-1c",
            "availability_zone_id": "apne1-az1",
            "cidr_block": "172.35.3.128/25",
            "customer_owned_ipv4_pool": "",
            "enable_dns64": false,
            "enable_lni_at_device_index": 0,
            "enable_resource_name_dns_a_record_on_launch": false,
            "enable_resource_name_dns_aaaa_record_on_launch": false,
            "id": "subnet-00ff9f1fa055ae510",
            "ipv6_cidr_block": "",
            "ipv6_cidr_block_association_id": "",
            "ipv6_native": false,
            "map_customer_owned_ip_on_launch": false,
            "map_public_ip_on_launch": false,
            "outpost_arn": "",
            "owner_id": "133775794121",
            "private_dns_hostname_type_on_launch": "ip-name",
            "tags": {
              "Createdby": "Terraform",
              "Environment": "staging",
              "Name": "nlobby-test-ao-staging-private-subnet-1c01"
            },
            "tags_all": {
              "Createdby": "Terraform",
              "Environment": "staging",
              "Name": "nlobby-test-ao-staging-private-subnet-1c01"
            },
            "timeouts": null,
            "vpc_id": "vpc-0a161d8c9a7e510c6"
          },
          "sensitive_attributes": [],
          "private": "eyJlMmJmYjczMC1lY2FhLTExZTYtOGY4OC0zNDM2M2JjN2M0YzAiOnsiY3JlYXRlIjo2MDAwMDAwMDAwMDAsImRlbGV0ZSI6MTIwMDAwMDAwMDAwMH0sInNjaGVtYV92ZXJzaW9uIjoiMSJ9",
          "dependencies": [
            "module.cores_network_3az.aws_vpc.this"
          ]
        }
      ]
    },
    {
      "module": "module.cores_network_3az",
      "mode": "managed",
      "type": "aws_vpc",
      "name": "this",
      "provider": "provider[\"registry.terraform.io/hashicorp/aws\"]",
      "instances": [
        {
          "schema_version": 1,
          "attributes": {
            "arn": "arn:aws:ec2:ap-northeast-1:133775794121:vpc/vpc-0a161d8c9a7e510c6",
            "assign_generated_ipv6_cidr_block": false,
            "cidr_block": "172.35.0.0/21",
            "default_network_acl_id": "acl-07a99d6ddeb51b62b",
            "default_route_table_id": "rtb-0f3229dfc5400943f",
            "default_security_group_id": "sg-0154655d1bf8115ac",
            "dhcp_options_id": "dopt-a290b4c6",
            "enable_dns_hostnames": true,
            "enable_dns_support": true,
            "enable_network_address_usage_metrics": false,
            "id": "vpc-0a161d8c9a7e510c6",
            "instance_tenancy": "default",
            "ipv4_ipam_pool_id": null,
            "ipv4_netmask_length": null,
            "ipv6_association_id": "",
            "ipv6_cidr_block": "",
            "ipv6_cidr_block_network_border_group": "",
            "ipv6_ipam_pool_id": "",
            "ipv6_netmask_length": 0,
            "main_route_table_id": "rtb-0f3229dfc5400943f",
            "owner_id": "133775794121",
            "tags": {
              "Createdby": "Terraform",
              "Environment": "staging",
              "Name": "nlobby-test-ao-staging-vpc"
            },
            "tags_all": {
              "Createdby": "Terraform",
              "Environment": "staging",
              "Name": "nlobby-test-ao-staging-vpc"
            }
          },
          "sensitive_attributes": [],
          "private": "eyJzY2hlbWFfdmVyc2lvbiI6IjEifQ=="
        }
      ]
    }
  ],
  "check_results": null
}
