{
  "version": 4,
  "terraform_version": "1.9.0",
  "serial": 81,
  "lineage": "3eb39961-58ea-d05f-5c3b-5408399512a3",
  "outputs": {
    "cores_database_aurorasv2_aws_rds_cluster_this_endpoint": {
      "value": "nlobby-aurora-sv2-test-ao-staging-01.cluster-cix0o9a55uzl.ap-northeast-1.rds.amazonaws.com",
      "type": "string"
    },
    "cores_database_aurorasv2_aws_rds_cluster_this_reader_endpoint": {
      "value": "nlobby-aurora-sv2-test-ao-staging-01.cluster-ro-cix0o9a55uzl.ap-northeast-1.rds.amazonaws.com",
      "type": "string"
    }
  },
  "resources": [
    {
      "mode": "data",
      "type": "terraform_remote_state",
      "name": "stg_cores_network",
      "provider": "provider[\"terraform.io/builtin/terraform\"]",
      "instances": [
        {
          "schema_version": 0,
          "attributes": {
            "backend": "s3",
            "config": {
              "value": {
                "bucket": "test-aokawa",
                "key": "stg.cores.network.tfstate",
                "region": "ap-northeast-1"
              },
              "type": [
                "object",
                {
                  "bucket": "string",
                  "key": "string",
                  "region": "string"
                }
              ]
            },
            "defaults": null,
            "outputs": {
              "value": {
                "cores_network_3az": {
                  "private_subnet_cidr": [
                    "172.35.3.0/25",
                    "172.35.3.128/25",
                    "172.35.4.0/25"
                  ],
                  "private_subnet_ids": [
                    "subnet-0a98feedbc020171e",
                    "subnet-00167b014c9500fc2",
                    "subnet-0278ad6bf8beeb792"
                  ],
                  "public_subnet_cidr": [
                    "172.35.0.0/25",
                    "172.35.0.128/25",
                    "172.35.1.0/25"
                  ],
                  "public_subnet_ids": [
                    "subnet-05a8fb65e0d87531b",
                    "subnet-0c640596151817607",
                    "subnet-04c7ef63844094aa2"
                  ],
                  "vpc_id": "vpc-0399aeaa966313c22"
                }
              },
              "type": [
                "object",
                {
                  "cores_network_3az": [
                    "object",
                    {
                      "private_subnet_cidr": [
                        "list",
                        "string"
                      ],
                      "private_subnet_ids": [
                        "list",
                        "string"
                      ],
                      "public_subnet_cidr": [
                        "list",
                        "string"
                      ],
                      "public_subnet_ids": [
                        "list",
                        "string"
                      ],
                      "vpc_id": "string"
                    }
                  ]
                }
              ]
            },
            "workspace": null
          },
          "sensitive_attributes": []
        }
      ]
    },
    {
      "module": "module.cores_database_aurorasv2",
      "mode": "data",
      "type": "aws_kms_key",
      "name": "rds",
      "provider": "provider[\"registry.terraform.io/hashicorp/aws\"]",
      "instances": [
        {
          "schema_version": 0,
          "attributes": {
            "arn": "arn:aws:kms:ap-northeast-1:133775794121:key/6e16bc75-9695-42a4-8352-271348b02393",
            "aws_account_id": "133775794121",
            "cloud_hsm_cluster_id": "",
            "creation_date": "2020-10-20T05:19:52Z",
            "custom_key_store_id": "",
            "customer_master_key_spec": "SYMMETRIC_DEFAULT",
            "deletion_date": null,
            "description": "Default master key that protects my RDS database volumes when no other key is defined",
            "enabled": true,
            "expiration_model": "",
            "grant_tokens": null,
            "id": "6e16bc75-9695-42a4-8352-271348b02393",
            "key_id": "alias/aws/rds",
            "key_manager": "AWS",
            "key_spec": "SYMMETRIC_DEFAULT",
            "key_state": "Enabled",
            "key_usage": "ENCRYPT_DECRYPT",
            "multi_region": false,
            "multi_region_configuration": [],
            "origin": "AWS_KMS",
            "pending_deletion_window_in_days": 0,
            "valid_to": null,
            "xks_key_configuration": []
          },
          "sensitive_attributes": []
        }
      ]
    },
    {
      "module": "module.cores_database_aurorasv2",
      "mode": "managed",
      "type": "aws_db_parameter_group",
      "name": "this",
      "provider": "provider[\"registry.terraform.io/hashicorp/aws\"]",
      "instances": [
        {
          "schema_version": 0,
          "attributes": {
            "arn": "arn:aws:rds:ap-northeast-1:133775794121:pg:nlobby-staging-aurora-sv2-pg-01",
            "description": "nlobby-staging-aurora-sv2-pg-01",
            "family": "aurora-postgresql16",
            "id": "nlobby-staging-aurora-sv2-pg-01",
            "name": "nlobby-staging-aurora-sv2-pg-01",
            "name_prefix": null,
            "parameter": [],
            "skip_destroy": false,
            "tags": {
              "Createdby": "Terraform",
              "Environment": "staging",
              "Name": "nlobby-staging-aurora-sv2-pg-01"
            },
            "tags_all": {
              "Createdby": "Terraform",
              "Environment": "staging",
              "Name": "nlobby-staging-aurora-sv2-pg-01"
            }
          },
          "sensitive_attributes": [],
          "private": "bnVsbA=="
        }
      ]
    },
    {
      "module": "module.cores_database_aurorasv2",
      "mode": "managed",
      "type": "aws_db_subnet_group",
      "name": "this",
      "provider": "provider[\"registry.terraform.io/hashicorp/aws\"]",
      "instances": [
        {
          "schema_version": 0,
          "attributes": {
            "arn": "arn:aws:rds:ap-northeast-1:133775794121:subgrp:nlobby-staging-aurora-sv2-test-ao-subnet-group-01",
            "description": "nlobby-staging-aurora-sv2-test-ao-subnet-group-01",
            "id": "nlobby-staging-aurora-sv2-test-ao-subnet-group-01",
            "name": "nlobby-staging-aurora-sv2-test-ao-subnet-group-01",
            "name_prefix": "",
            "subnet_ids": [
              "subnet-00167b014c9500fc2",
              "subnet-0278ad6bf8beeb792",
              "subnet-0a98feedbc020171e"
            ],
            "supported_network_types": [
              "IPV4"
            ],
            "tags": {
              "Createdby": "Terraform",
              "Environment": "staging",
              "Name": "nlobby-staging-aurora-sv2-test-ao-subnet-group-01"
            },
            "tags_all": {
              "Createdby": "Terraform",
              "Environment": "staging",
              "Name": "nlobby-staging-aurora-sv2-test-ao-subnet-group-01"
            },
            "vpc_id": "vpc-0399aeaa966313c22"
          },
          "sensitive_attributes": [],
          "private": "bnVsbA==",
          "dependencies": [
            "data.terraform_remote_state.stg_cores_network"
          ]
        }
      ]
    },
    {
      "module": "module.cores_database_aurorasv2",
      "mode": "managed",
      "type": "aws_iam_role",
      "name": "expansion_monitoring",
      "provider": "provider[\"registry.terraform.io/hashicorp/aws\"]",
      "instances": [
        {
          "schema_version": 0,
          "attributes": {
            "arn": "arn:aws:iam::133775794121:role/nlobby-staging-aurora-sv2-expansion-monitoring-role-01",
            "assume_role_policy": "{\"Statement\":[{\"Action\":\"sts:AssumeRole\",\"Effect\":\"Allow\",\"Principal\":{\"Service\":\"monitoring.rds.amazonaws.com\"}}],\"Version\":\"2012-10-17\"}",
            "create_date": "2024-12-19T08:29:00Z",
            "description": "",
            "force_detach_policies": false,
            "id": "nlobby-staging-aurora-sv2-expansion-monitoring-role-01",
            "inline_policy": [],
            "managed_policy_arns": [],
            "max_session_duration": 3600,
            "name": "nlobby-staging-aurora-sv2-expansion-monitoring-role-01",
            "name_prefix": "",
            "path": "/",
            "permissions_boundary": "",
            "tags": {
              "Createdby": "Terraform",
              "Environment": "staging",
              "Name": "nlobby-staging-aurora-sv2-expansion-monitoring-role-01"
            },
            "tags_all": {
              "Createdby": "Terraform",
              "Environment": "staging",
              "Name": "nlobby-staging-aurora-sv2-expansion-monitoring-role-01"
            },
            "unique_id": "AROAR6JNIT7EXH5WXZCKX"
          },
          "sensitive_attributes": [],
          "private": "bnVsbA=="
        }
      ]
    },
    {
      "module": "module.cores_database_aurorasv2",
      "mode": "managed",
      "type": "aws_iam_role_policy_attachment",
      "name": "expansion_monitoring",
      "provider": "provider[\"registry.terraform.io/hashicorp/aws\"]",
      "instances": [
        {
          "schema_version": 0,
          "attributes": {
            "id": "nlobby-staging-aurora-sv2-expansion-monitoring-role-01-20241219082901420800000001",
            "policy_arn": "arn:aws:iam::aws:policy/service-role/AmazonRDSEnhancedMonitoringRole",
            "role": "nlobby-staging-aurora-sv2-expansion-monitoring-role-01"
          },
          "sensitive_attributes": [],
          "private": "bnVsbA==",
          "dependencies": [
            "module.cores_database_aurorasv2.aws_iam_role.expansion_monitoring"
          ]
        }
      ]
    },
    {
      "module": "module.cores_database_aurorasv2",
      "mode": "managed",
      "type": "aws_rds_cluster",
      "name": "this",
      "provider": "provider[\"registry.terraform.io/hashicorp/aws\"]",
      "instances": [
        {
          "schema_version": 1,
          "attributes": {
            "allocated_storage": 1,
            "allow_major_version_upgrade": null,
            "apply_immediately": true,
            "arn": "arn:aws:rds:ap-northeast-1:133775794121:cluster:nlobby-aurora-sv2-test-ao-staging-01",
            "availability_zones": [
              "ap-northeast-1a",
              "ap-northeast-1c",
              "ap-northeast-1d"
            ],
            "backtrack_window": 0,
            "backup_retention_period": 14,
            "ca_certificate_identifier": null,
            "ca_certificate_valid_till": null,
            "cluster_identifier": "nlobby-aurora-sv2-test-ao-staging-01",
            "cluster_identifier_prefix": "",
            "cluster_members": [],
            "cluster_resource_id": "cluster-VR7XCDRHIDGNBKYEMHMW2ZY54A",
            "copy_tags_to_snapshot": false,
            "database_name": null,
            "db_cluster_instance_class": "",
            "db_cluster_parameter_group_name": "nlobby-staging-aurora-sv2-parameter-group-01",
            "db_instance_parameter_group_name": null,
            "db_subnet_group_name": "nlobby-staging-aurora-sv2-test-ao-subnet-group-01",
            "db_system_id": "",
            "delete_automated_backups": true,
            "deletion_protection": false,
            "domain": "",
            "domain_iam_role_name": "",
            "enable_global_write_forwarding": false,
            "enable_http_endpoint": false,
            "enable_local_write_forwarding": false,
            "enabled_cloudwatch_logs_exports": [
              "postgresql"
            ],
            "endpoint": "nlobby-aurora-sv2-test-ao-staging-01.cluster-cix0o9a55uzl.ap-northeast-1.rds.amazonaws.com",
            "engine": "aurora-postgresql",
            "engine_lifecycle_support": "open-source-rds-extended-support",
            "engine_mode": "provisioned",
            "engine_version": "16.2",
            "engine_version_actual": "16.2",
            "final_snapshot_identifier": "nlobby-aurora-sv2-test-ao-staging-01-final-snapshot",
            "global_cluster_identifier": "",
            "hosted_zone_id": "Z24O6O9L7SGTNB",
            "iam_database_authentication_enabled": false,
            "iam_roles": [],
            "id": "nlobby-aurora-sv2-test-ao-staging-01",
            "iops": 0,
            "kms_key_id": "arn:aws:kms:ap-northeast-1:133775794121:key/6e16bc75-9695-42a4-8352-271348b02393",
            "manage_master_user_password": null,
            "master_password": "h?Y$INdJf\u003eKFwg2P",
            "master_user_secret": [],
            "master_user_secret_kms_key_id": null,
            "master_username": "root",
            "network_type": "IPV4",
            "performance_insights_enabled": false,
            "performance_insights_kms_key_id": "",
            "performance_insights_retention_period": 0,
            "port": 5432,
            "preferred_backup_window": "18:00-19:00",
            "preferred_maintenance_window": "tue:19:00-tue:20:00",
            "reader_endpoint": "nlobby-aurora-sv2-test-ao-staging-01.cluster-ro-cix0o9a55uzl.ap-northeast-1.rds.amazonaws.com",
            "replication_source_identifier": "",
            "restore_to_point_in_time": [],
            "s3_import": [],
            "scaling_configuration": [],
            "serverlessv2_scaling_configuration": [
              {
                "max_capacity": 3,
                "min_capacity": 1
              }
            ],
            "skip_final_snapshot": false,
            "snapshot_identifier": null,
            "source_region": null,
            "storage_encrypted": true,
            "storage_type": "",
            "tags": {
              "Createdby": "Terraform",
              "Environment": "staging",
              "Name": "nlobby-aurora-sv2-test-ao-staging-01"
            },
            "tags_all": {
              "Createdby": "Terraform",
              "Environment": "staging",
              "Name": "nlobby-aurora-sv2-test-ao-staging-01"
            },
            "timeouts": null,
            "vpc_security_group_ids": [
              "sg-0146bf0cc9503c3fa"
            ]
          },
          "sensitive_attributes": [
            [
              {
                "type": "get_attr",
                "value": "master_password"
              }
            ]
          ],
          "private": "eyJlMmJmYjczMC1lY2FhLTExZTYtOGY4OC0zNDM2M2JjN2M0YzAiOnsiY3JlYXRlIjo3MjAwMDAwMDAwMDAwLCJkZWxldGUiOjcyMDAwMDAwMDAwMDAsInVwZGF0ZSI6NzIwMDAwMDAwMDAwMH0sInNjaGVtYV92ZXJzaW9uIjoiMSJ9",
          "dependencies": [
            "data.terraform_remote_state.stg_cores_network",
            "module.cores_database_aurorasv2.aws_db_subnet_group.this",
            "module.cores_database_aurorasv2.aws_rds_cluster_parameter_group.this",
            "module.cores_database_aurorasv2.aws_security_group.rds_this",
            "module.cores_database_aurorasv2.data.aws_kms_key.rds",
            "module.cores_database_aurorasv2.random_password.rds_password"
          ]
        }
      ]
    },
    {
      "module": "module.cores_database_aurorasv2",
      "mode": "managed",
      "type": "aws_rds_cluster_instance",
      "name": "nlobby_cluster_instance",
      "provider": "provider[\"registry.terraform.io/hashicorp/aws\"]",
      "instances": [
        {
          "index_key": "1",
          "status": "tainted",
          "schema_version": 0,
          "attributes": {
            "apply_immediately": null,
            "arn": null,
            "auto_minor_version_upgrade": false,
            "availability_zone": null,
            "ca_cert_identifier": null,
            "cluster_identifier": "nlobby-aurora-sv2-test-ao-staging-01",
            "copy_tags_to_snapshot": false,
            "custom_iam_instance_profile": null,
            "db_parameter_group_name": "nlobby-staging-aurora-sv2-pg-01",
            "db_subnet_group_name": "nlobby-staging-aurora-sv2-test-ao-subnet-group-01",
            "dbi_resource_id": null,
            "endpoint": null,
            "engine": "aurora-postgresql",
            "engine_version": "16.2",
            "engine_version_actual": null,
            "id": "nlobby-staging-aurora-sv2-1",
            "identifier": "nlobby-staging-aurora-sv2-1",
            "identifier_prefix": null,
            "instance_class": "db.t3.medium",
            "kms_key_id": null,
            "monitoring_interval": 0,
            "monitoring_role_arn": null,
            "network_type": null,
            "performance_insights_enabled": null,
            "performance_insights_kms_key_id": null,
            "performance_insights_retention_period": null,
            "port": null,
            "preferred_backup_window": null,
            "preferred_maintenance_window": null,
            "promotion_tier": 0,
            "publicly_accessible": false,
            "storage_encrypted": null,
            "tags": {
              "Createdby": "Terraform",
              "Environment": "staging",
              "Name": "nlobby-aurora-sv2-test-ao-instance-staging-01"
            },
            "tags_all": {
              "Createdby": "Terraform",
              "Environment": "staging",
              "Name": "nlobby-aurora-sv2-test-ao-instance-staging-01"
            },
            "timeouts": null,
            "writer": null
          },
          "sensitive_attributes": [],
          "private": "eyJlMmJmYjczMC1lY2FhLTExZTYtOGY4OC0zNDM2M2JjN2M0YzAiOnsiY3JlYXRlIjo1NDAwMDAwMDAwMDAwLCJkZWxldGUiOjU0MDAwMDAwMDAwMDAsInVwZGF0ZSI6NTQwMDAwMDAwMDAwMH19",
          "dependencies": [
            "data.terraform_remote_state.stg_cores_network",
            "module.cores_database_aurorasv2.aws_db_parameter_group.this",
            "module.cores_database_aurorasv2.aws_db_subnet_group.this",
            "module.cores_database_aurorasv2.aws_rds_cluster.this",
            "module.cores_database_aurorasv2.aws_rds_cluster_parameter_group.this",
            "module.cores_database_aurorasv2.aws_security_group.rds_this",
            "module.cores_database_aurorasv2.data.aws_kms_key.rds",
            "module.cores_database_aurorasv2.random_password.rds_password"
          ]
        },
        {
          "index_key": "2",
          "status": "tainted",
          "schema_version": 0,
          "attributes": {
            "apply_immediately": null,
            "arn": null,
            "auto_minor_version_upgrade": false,
            "availability_zone": null,
            "ca_cert_identifier": null,
            "cluster_identifier": "nlobby-aurora-sv2-test-ao-staging-01",
            "copy_tags_to_snapshot": false,
            "custom_iam_instance_profile": null,
            "db_parameter_group_name": "nlobby-staging-aurora-sv2-pg-01",
            "db_subnet_group_name": "nlobby-staging-aurora-sv2-test-ao-subnet-group-01",
            "dbi_resource_id": null,
            "endpoint": null,
            "engine": "aurora-postgresql",
            "engine_version": "16.2",
            "engine_version_actual": null,
            "id": "nlobby-staging-aurora-sv2-2",
            "identifier": "nlobby-staging-aurora-sv2-2",
            "identifier_prefix": null,
            "instance_class": "db.t3.medium",
            "kms_key_id": null,
            "monitoring_interval": 0,
            "monitoring_role_arn": null,
            "network_type": null,
            "performance_insights_enabled": null,
            "performance_insights_kms_key_id": null,
            "performance_insights_retention_period": null,
            "port": null,
            "preferred_backup_window": null,
            "preferred_maintenance_window": null,
            "promotion_tier": 0,
            "publicly_accessible": false,
            "storage_encrypted": null,
            "tags": {
              "Createdby": "Terraform",
              "Environment": "staging",
              "Name": "nlobby-aurora-sv2-test-ao-instance-staging-01"
            },
            "tags_all": {
              "Createdby": "Terraform",
              "Environment": "staging",
              "Name": "nlobby-aurora-sv2-test-ao-instance-staging-01"
            },
            "timeouts": null,
            "writer": null
          },
          "sensitive_attributes": [],
          "private": "eyJlMmJmYjczMC1lY2FhLTExZTYtOGY4OC0zNDM2M2JjN2M0YzAiOnsiY3JlYXRlIjo1NDAwMDAwMDAwMDAwLCJkZWxldGUiOjU0MDAwMDAwMDAwMDAsInVwZGF0ZSI6NTQwMDAwMDAwMDAwMH19",
          "dependencies": [
            "data.terraform_remote_state.stg_cores_network",
            "module.cores_database_aurorasv2.aws_db_parameter_group.this",
            "module.cores_database_aurorasv2.aws_db_subnet_group.this",
            "module.cores_database_aurorasv2.aws_rds_cluster.this",
            "module.cores_database_aurorasv2.aws_rds_cluster_parameter_group.this",
            "module.cores_database_aurorasv2.aws_security_group.rds_this",
            "module.cores_database_aurorasv2.data.aws_kms_key.rds",
            "module.cores_database_aurorasv2.random_password.rds_password"
          ]
        },
        {
          "index_key": "3",
          "status": "tainted",
          "schema_version": 0,
          "attributes": {
            "apply_immediately": null,
            "arn": null,
            "auto_minor_version_upgrade": false,
            "availability_zone": null,
            "ca_cert_identifier": null,
            "cluster_identifier": "nlobby-aurora-sv2-test-ao-staging-01",
            "copy_tags_to_snapshot": false,
            "custom_iam_instance_profile": null,
            "db_parameter_group_name": "nlobby-staging-aurora-sv2-pg-01",
            "db_subnet_group_name": "nlobby-staging-aurora-sv2-test-ao-subnet-group-01",
            "dbi_resource_id": null,
            "endpoint": null,
            "engine": "aurora-postgresql",
            "engine_version": "16.2",
            "engine_version_actual": null,
            "id": "nlobby-staging-aurora-sv2-3",
            "identifier": "nlobby-staging-aurora-sv2-3",
            "identifier_prefix": null,
            "instance_class": "db.t3.medium",
            "kms_key_id": null,
            "monitoring_interval": 0,
            "monitoring_role_arn": null,
            "network_type": null,
            "performance_insights_enabled": null,
            "performance_insights_kms_key_id": null,
            "performance_insights_retention_period": null,
            "port": null,
            "preferred_backup_window": null,
            "preferred_maintenance_window": null,
            "promotion_tier": 0,
            "publicly_accessible": false,
            "storage_encrypted": null,
            "tags": {
              "Createdby": "Terraform",
              "Environment": "staging",
              "Name": "nlobby-aurora-sv2-test-ao-instance-staging-01"
            },
            "tags_all": {
              "Createdby": "Terraform",
              "Environment": "staging",
              "Name": "nlobby-aurora-sv2-test-ao-instance-staging-01"
            },
            "timeouts": null,
            "writer": null
          },
          "sensitive_attributes": [],
          "private": "eyJlMmJmYjczMC1lY2FhLTExZTYtOGY4OC0zNDM2M2JjN2M0YzAiOnsiY3JlYXRlIjo1NDAwMDAwMDAwMDAwLCJkZWxldGUiOjU0MDAwMDAwMDAwMDAsInVwZGF0ZSI6NTQwMDAwMDAwMDAwMH19",
          "dependencies": [
            "data.terraform_remote_state.stg_cores_network",
            "module.cores_database_aurorasv2.aws_db_parameter_group.this",
            "module.cores_database_aurorasv2.aws_db_subnet_group.this",
            "module.cores_database_aurorasv2.aws_rds_cluster.this",
            "module.cores_database_aurorasv2.aws_rds_cluster_parameter_group.this",
            "module.cores_database_aurorasv2.aws_security_group.rds_this",
            "module.cores_database_aurorasv2.data.aws_kms_key.rds",
            "module.cores_database_aurorasv2.random_password.rds_password"
          ]
        }
      ]
    },
    {
      "module": "module.cores_database_aurorasv2",
      "mode": "managed",
      "type": "aws_rds_cluster_parameter_group",
      "name": "this",
      "provider": "provider[\"registry.terraform.io/hashicorp/aws\"]",
      "instances": [
        {
          "schema_version": 0,
          "attributes": {
            "arn": "arn:aws:rds:ap-northeast-1:133775794121:cluster-pg:nlobby-staging-aurora-sv2-parameter-group-01",
            "description": "nlobby-staging-aurora-sv2-parameter-group-01",
            "family": "aurora-postgresql16",
            "id": "nlobby-staging-aurora-sv2-parameter-group-01",
            "name": "nlobby-staging-aurora-sv2-parameter-group-01",
            "name_prefix": "",
            "parameter": [],
            "tags": {
              "Createdby": "Terraform",
              "Environment": "staging",
              "Name": "nlobby-staging-aurora-sv2-parameter-group-01"
            },
            "tags_all": {
              "Createdby": "Terraform",
              "Environment": "staging",
              "Name": "nlobby-staging-aurora-sv2-parameter-group-01"
            }
          },
          "sensitive_attributes": [],
          "private": "bnVsbA=="
        }
      ]
    },
    {
      "module": "module.cores_database_aurorasv2",
      "mode": "managed",
      "type": "aws_security_group",
      "name": "rds_this",
      "provider": "provider[\"registry.terraform.io/hashicorp/aws\"]",
      "instances": [
        {
          "schema_version": 1,
          "attributes": {
            "arn": "arn:aws:ec2:ap-northeast-1:133775794121:security-group/sg-0146bf0cc9503c3fa",
            "description": "nlobby-staging-aurora-sv2-test-ao-security-group-01",
            "egress": [],
            "id": "sg-0146bf0cc9503c3fa",
            "ingress": [],
            "name": "nlobby-staging-aurora-sv2-test-ao-security-group-01",
            "name_prefix": "",
            "owner_id": "133775794121",
            "revoke_rules_on_delete": false,
            "tags": {
              "Createdby": "Terraform",
              "Environment": "staging",
              "Name": "nlobby-staging-aurora-sv2-test-ao-security-group-01"
            },
            "tags_all": {
              "Createdby": "Terraform",
              "Environment": "staging",
              "Name": "nlobby-staging-aurora-sv2-test-ao-security-group-01"
            },
            "timeouts": null,
            "vpc_id": "vpc-0399aeaa966313c22"
          },
          "sensitive_attributes": [],
          "private": "eyJlMmJmYjczMC1lY2FhLTExZTYtOGY4OC0zNDM2M2JjN2M0YzAiOnsiY3JlYXRlIjo2MDAwMDAwMDAwMDAsImRlbGV0ZSI6OTAwMDAwMDAwMDAwfSwic2NoZW1hX3ZlcnNpb24iOiIxIn0=",
          "dependencies": [
            "data.terraform_remote_state.stg_cores_network"
          ]
        }
      ]
    },
    {
      "module": "module.cores_database_aurorasv2",
      "mode": "managed",
      "type": "aws_security_group_rule",
      "name": "ingress",
      "provider": "provider[\"registry.terraform.io/hashicorp/aws\"]",
      "instances": [
        {
          "schema_version": 2,
          "attributes": {
            "cidr_blocks": [
              "172.35.3.0/25",
              "172.35.3.128/25",
              "172.35.4.0/25"
            ],
            "description": null,
            "from_port": 5432,
            "id": "sgrule-2742699030",
            "ipv6_cidr_blocks": null,
            "prefix_list_ids": null,
            "protocol": "tcp",
            "security_group_id": "sg-0146bf0cc9503c3fa",
            "security_group_rule_id": "",
            "self": false,
            "source_security_group_id": null,
            "timeouts": null,
            "to_port": 5432,
            "type": "ingress"
          },
          "sensitive_attributes": [],
          "private": "eyJlMmJmYjczMC1lY2FhLTExZTYtOGY4OC0zNDM2M2JjN2M0YzAiOnsiY3JlYXRlIjozMDAwMDAwMDAwMDB9LCJzY2hlbWFfdmVyc2lvbiI6IjIifQ==",
          "dependencies": [
            "data.terraform_remote_state.stg_cores_network",
            "module.cores_database_aurorasv2.aws_security_group.rds_this"
          ]
        }
      ]
    },
    {
      "module": "module.cores_database_aurorasv2",
      "mode": "managed",
      "type": "random_password",
      "name": "rds_password",
      "provider": "provider[\"registry.terraform.io/hashicorp/random\"]",
      "instances": [
        {
          "schema_version": 3,
          "attributes": {
            "bcrypt_hash": "$2a$10$M622cP52mg/.37jZWxosQ./ZElIt15jhSFGo6hBLN7byFZocPUZOi",
            "id": "none",
            "keepers": null,
            "length": 16,
            "lower": true,
            "min_lower": 0,
            "min_numeric": 0,
            "min_special": 0,
            "min_upper": 0,
            "number": true,
            "numeric": true,
            "override_special": "!#$%\u0026*()-_=+[]{}\u003c\u003e:?",
            "result": "h?Y$INdJf\u003eKFwg2P",
            "special": true,
            "upper": true
          },
          "sensitive_attributes": [
            [
              {
                "type": "get_attr",
                "value": "bcrypt_hash"
              }
            ],
            [
              {
                "type": "get_attr",
                "value": "result"
              }
            ]
          ]
        }
      ]
    }
  ],
  "check_results": null
}
